// !$*UTF8*$!
{
	archiveVersion = 1;
	classes = {
	};
	objectVersion = 46;
	objects = {

/* Begin PBXBuildFile section */
		BA02B05E191BDFB300A0ED32 /* Check@2x.png in Resources */ = {isa = PBXBuildFile; fileRef = BA02B05D191BDFB300A0ED32 /* Check@2x.png */; };
		BA0F3B291907981A00E4C8C2 /* HBFluddColorButton.m in Sources */ = {isa = PBXBuildFile; fileRef = BA0F3B281907981A00E4C8C2 /* HBFluddColorButton.m */; };
		BA0F3B3019092C6F00E4C8C2 /* HBFluddMovesRemainingView.m in Sources */ = {isa = PBXBuildFile; fileRef = BA0F3B2F19092C6F00E4C8C2 /* HBFluddMovesRemainingView.m */; };
		BA1E975A1913C30300DDB637 /* HBFluddGameWonView.xib in Resources */ = {isa = PBXBuildFile; fileRef = BA1E97591913C30300DDB637 /* HBFluddGameWonView.xib */; };
		BA1E97651914318700DDB637 /* HBFluddMenuViewController.m in Sources */ = {isa = PBXBuildFile; fileRef = BA1E97641914318700DDB637 /* HBFluddMenuViewController.m */; };
		BA1E97741916342100DDB637 /* Chevron@2x.png in Resources */ = {isa = PBXBuildFile; fileRef = BA1E97731916342100DDB637 /* Chevron@2x.png */; };
		BA1E97781916B90100DDB637 /* WellDoneDialog@2x.png in Resources */ = {isa = PBXBuildFile; fileRef = BA1E97761916B90100DDB637 /* WellDoneDialog@2x.png */; };
		BA1E977A1916B9A900DDB637 /* PlayAgainButton@2x.png in Resources */ = {isa = PBXBuildFile; fileRef = BA1E97791916B9A900DDB637 /* PlayAgainButton@2x.png */; };
		BA1E977D1916BB6500DDB637 /* HBFluddGameWonView.m in Sources */ = {isa = PBXBuildFile; fileRef = BA1E977C1916BB6500DDB637 /* HBFluddGameWonView.m */; };
		BA1FBC4918FEC5CA008EBF0E /* Foundation.framework in Frameworks */ = {isa = PBXBuildFile; fileRef = BA1FBC4818FEC5CA008EBF0E /* Foundation.framework */; };
		BA1FBC4B18FEC5CA008EBF0E /* CoreGraphics.framework in Frameworks */ = {isa = PBXBuildFile; fileRef = BA1FBC4A18FEC5CA008EBF0E /* CoreGraphics.framework */; };
		BA1FBC4D18FEC5CA008EBF0E /* UIKit.framework in Frameworks */ = {isa = PBXBuildFile; fileRef = BA1FBC4C18FEC5CA008EBF0E /* UIKit.framework */; };
		BA1FBC5318FEC5CA008EBF0E /* InfoPlist.strings in Resources */ = {isa = PBXBuildFile; fileRef = BA1FBC5118FEC5CA008EBF0E /* InfoPlist.strings */; };
		BA1FBC5518FEC5CA008EBF0E /* main.m in Sources */ = {isa = PBXBuildFile; fileRef = BA1FBC5418FEC5CA008EBF0E /* main.m */; };
		BA1FBC5918FEC5CA008EBF0E /* HBAppDelegate.m in Sources */ = {isa = PBXBuildFile; fileRef = BA1FBC5818FEC5CA008EBF0E /* HBAppDelegate.m */; };
		BA1FBC5C18FEC5CA008EBF0E /* Fludd.storyboard in Resources */ = {isa = PBXBuildFile; fileRef = BA1FBC5A18FEC5CA008EBF0E /* Fludd.storyboard */; };
		BA1FBC5F18FEC5CA008EBF0E /* HBFluddGameViewController.m in Sources */ = {isa = PBXBuildFile; fileRef = BA1FBC5E18FEC5CA008EBF0E /* HBFluddGameViewController.m */; };
		BA1FBC6118FEC5CA008EBF0E /* Images.xcassets in Resources */ = {isa = PBXBuildFile; fileRef = BA1FBC6018FEC5CA008EBF0E /* Images.xcassets */; };
		BA1FBC6818FEC5CA008EBF0E /* XCTest.framework in Frameworks */ = {isa = PBXBuildFile; fileRef = BA1FBC6718FEC5CA008EBF0E /* XCTest.framework */; };
		BA1FBC6918FEC5CA008EBF0E /* Foundation.framework in Frameworks */ = {isa = PBXBuildFile; fileRef = BA1FBC4818FEC5CA008EBF0E /* Foundation.framework */; };
		BA1FBC6A18FEC5CA008EBF0E /* UIKit.framework in Frameworks */ = {isa = PBXBuildFile; fileRef = BA1FBC4C18FEC5CA008EBF0E /* UIKit.framework */; };
		BA1FBC7218FEC5CA008EBF0E /* InfoPlist.strings in Resources */ = {isa = PBXBuildFile; fileRef = BA1FBC7018FEC5CA008EBF0E /* InfoPlist.strings */; };
		BA1FBC7418FEC5CA008EBF0E /* FluddTests.m in Sources */ = {isa = PBXBuildFile; fileRef = BA1FBC7318FEC5CA008EBF0E /* FluddTests.m */; };
		BA1FBC7F18FEC859008EBF0E /* HBFluddCellView.m in Sources */ = {isa = PBXBuildFile; fileRef = BA1FBC7E18FEC859008EBF0E /* HBFluddCellView.m */; };
		BA1FBC8218FEC93B008EBF0E /* HBFluddGame.m in Sources */ = {isa = PBXBuildFile; fileRef = BA1FBC8118FEC93B008EBF0E /* HBFluddGame.m */; };
		BA1FBC8518FEC9AE008EBF0E /* HBFluddColorSets.m in Sources */ = {isa = PBXBuildFile; fileRef = BA1FBC8418FEC9AE008EBF0E /* HBFluddColorSets.m */; };
		BA1FBC8818FECF52008EBF0E /* HBFluddGameView.m in Sources */ = {isa = PBXBuildFile; fileRef = BA1FBC8718FECF52008EBF0E /* HBFluddGameView.m */; };
		BA3804701906D5B800B3EB5B /* HBFluddCell.m in Sources */ = {isa = PBXBuildFile; fileRef = BA38046F1906D5B800B3EB5B /* HBFluddCell.m */; };
		BA4EDD8E190BDA0600F8581B /* HBFluddPlayAgainButtonView.m in Sources */ = {isa = PBXBuildFile; fileRef = BA4EDD8D190BDA0600F8581B /* HBFluddPlayAgainButtonView.m */; };
		BA533A0F19004A5100B0482D /* HBFluddColorButtonView.m in Sources */ = {isa = PBXBuildFile; fileRef = BA533A0E19004A5100B0482D /* HBFluddColorButtonView.m */; };
		BA7B6AD51916C8C500F81323 /* HBFluddGameLostView.xib in Resources */ = {isa = PBXBuildFile; fileRef = BA7B6AD41916C8C500F81323 /* HBFluddGameLostView.xib */; };
		BA7B6AD71916CA5600F81323 /* LostGameDialog@2x.png in Resources */ = {isa = PBXBuildFile; fileRef = BA7B6AD61916CA5600F81323 /* LostGameDialog@2x.png */; };
		BA7B6ADA1916CAB700F81323 /* HBFluddGameLostView.m in Sources */ = {isa = PBXBuildFile; fileRef = BA7B6AD91916CAB700F81323 /* HBFluddGameLostView.m */; };
		BA8CEDE71933CBEE0024C51C /* HBFluddGameModes.m in Sources */ = {isa = PBXBuildFile; fileRef = BA8CEDE61933CBEE0024C51C /* HBFluddGameModes.m */; };
		BA8CEDEA193427CF0024C51C /* HBFluddGameSizes.m in Sources */ = {isa = PBXBuildFile; fileRef = BA8CEDE9193427CF0024C51C /* HBFluddGameSizes.m */; };
		BA8CEDED193427FF0024C51C /* HBFluddGameSize.m in Sources */ = {isa = PBXBuildFile; fileRef = BA8CEDEC193427FF0024C51C /* HBFluddGameSize.m */; };
		BA8CEDF019342AED0024C51C /* HBFluddGameSizesViewController.m in Sources */ = {isa = PBXBuildFile; fileRef = BA8CEDEF19342AED0024C51C /* HBFluddGameSizesViewController.m */; };
		BA8CEDF3193675BB0024C51C /* HBFluddGameModesViewController.m in Sources */ = {isa = PBXBuildFile; fileRef = BA8CEDF2193675BB0024C51C /* HBFluddGameModesViewController.m */; };
		BA8CEDF6193678D50024C51C /* HBFluddGameMode.m in Sources */ = {isa = PBXBuildFile; fileRef = BA8CEDF5193678D50024C51C /* HBFluddGameMode.m */; };
		BA9F7E3C19409DEE001CCD89 /* WallFill@2x.png in Resources */ = {isa = PBXBuildFile; fileRef = BA9F7E3B19409DEE001CCD89 /* WallFill@2x.png */; };
		BA9FD12A1983E8BD00981A01 /* HBFluddHowToPlayViewController.m in Sources */ = {isa = PBXBuildFile; fileRef = BA9FD1291983E8BD00981A01 /* HBFluddHowToPlayViewController.m */; };
		BA9FD12D1983ED1500981A01 /* HBFluddHowToPlayContentViewController.m in Sources */ = {isa = PBXBuildFile; fileRef = BA9FD12C1983ED1500981A01 /* HBFluddHowToPlayContentViewController.m */; };
		BA9FD13319841B7B00981A01 /* BoardImage1@2x.png in Resources */ = {isa = PBXBuildFile; fileRef = BA9FD12E19841B7B00981A01 /* BoardImage1@2x.png */; };
		BA9FD13419841B7B00981A01 /* BoardImage2@2x.png in Resources */ = {isa = PBXBuildFile; fileRef = BA9FD12F19841B7B00981A01 /* BoardImage2@2x.png */; };
		BA9FD13519841B7B00981A01 /* BoardImage3@2x.png in Resources */ = {isa = PBXBuildFile; fileRef = BA9FD13019841B7B00981A01 /* BoardImage3@2x.png */; };
		BA9FD13619841B7B00981A01 /* BoardImage4@2x.png in Resources */ = {isa = PBXBuildFile; fileRef = BA9FD13119841B7B00981A01 /* BoardImage4@2x.png */; };
		BA9FD13719841B7B00981A01 /* BoardImage5@2x.png in Resources */ = {isa = PBXBuildFile; fileRef = BA9FD13219841B7B00981A01 /* BoardImage5@2x.png */; };
		BAA912D1191A0D0000E850BE /* HBFluddColorSetsViewController.m in Sources */ = {isa = PBXBuildFile; fileRef = BAA912D0191A0D0000E850BE /* HBFluddColorSetsViewController.m */; };
		BAA912D4191A53BE00E850BE /* HBFluddColorSet.m in Sources */ = {isa = PBXBuildFile; fileRef = BAA912D3191A53BE00E850BE /* HBFluddColorSet.m */; };
		BAC4CCA11905B5AB0088890E /* plus@2x.png in Resources */ = {isa = PBXBuildFile; fileRef = BAC4CC9D1905B5AB0088890E /* plus@2x.png */; };
		BAC4CCA31905B5AB0088890E /* settings@2x.png in Resources */ = {isa = PBXBuildFile; fileRef = BAC4CC9F1905B5AB0088890E /* settings@2x.png */; };
		BADE6AB619068F5300FEA953 /* HBFloodColorsTest.m in Sources */ = {isa = PBXBuildFile; fileRef = BADE6AB519068F5300FEA953 /* HBFloodColorsTest.m */; };
		BAEFF2BA1918BEFB0087B0CE /* Icon-60@2x.png in Resources */ = {isa = PBXBuildFile; fileRef = BAEFF2B71918BEFB0087B0CE /* Icon-60@2x.png */; };
		BAEFF2BB1918BEFB0087B0CE /* Icon-Small-40@2x.png in Resources */ = {isa = PBXBuildFile; fileRef = BAEFF2B81918BEFB0087B0CE /* Icon-Small-40@2x.png */; };
		BAEFF2BC1918BEFB0087B0CE /* Icon-Small@2x.png in Resources */ = {isa = PBXBuildFile; fileRef = BAEFF2B91918BEFB0087B0CE /* Icon-Small@2x.png */; };
		BAEFF2C019196E4A0087B0CE /* HBFluddMenuButtonView.m in Sources */ = {isa = PBXBuildFile; fileRef = BAEFF2BF19196E4A0087B0CE /* HBFluddMenuButtonView.m */; };
		BAEFF2C6191975640087B0CE /* HBFluddColorsPreviewView.m in Sources */ = {isa = PBXBuildFile; fileRef = BAEFF2C5191975640087B0CE /* HBFluddColorsPreviewView.m */; };
/* End PBXBuildFile section */

/* Begin PBXContainerItemProxy section */
		BA1FBC6B18FEC5CA008EBF0E /* PBXContainerItemProxy */ = {
			isa = PBXContainerItemProxy;
			containerPortal = BA1FBC3D18FEC5CA008EBF0E /* Project object */;
			proxyType = 1;
			remoteGlobalIDString = BA1FBC4418FEC5CA008EBF0E;
			remoteInfo = Fludd;
		};
/* End PBXContainerItemProxy section */

/* Begin PBXFileReference section */
		BA02B05D191BDFB300A0ED32 /* Check@2x.png */ = {isa = PBXFileReference; lastKnownFileType = image.png; path = "Check@2x.png"; sourceTree = "<group>"; };
		BA0F3B271907981A00E4C8C2 /* HBFluddColorButton.h */ = {isa = PBXFileReference; fileEncoding = 4; lastKnownFileType = sourcecode.c.h; path = HBFluddColorButton.h; sourceTree = "<group>"; };
		BA0F3B281907981A00E4C8C2 /* HBFluddColorButton.m */ = {isa = PBXFileReference; fileEncoding = 4; lastKnownFileType = sourcecode.c.objc; path = HBFluddColorButton.m; sourceTree = "<group>"; };
		BA0F3B2E19092C6F00E4C8C2 /* HBFluddMovesRemainingView.h */ = {isa = PBXFileReference; fileEncoding = 4; lastKnownFileType = sourcecode.c.h; path = HBFluddMovesRemainingView.h; sourceTree = "<group>"; };
		BA0F3B2F19092C6F00E4C8C2 /* HBFluddMovesRemainingView.m */ = {isa = PBXFileReference; fileEncoding = 4; lastKnownFileType = sourcecode.c.objc; path = HBFluddMovesRemainingView.m; sourceTree = "<group>"; };
		BA1E97591913C30300DDB637 /* HBFluddGameWonView.xib */ = {isa = PBXFileReference; fileEncoding = 4; lastKnownFileType = file.xib; path = HBFluddGameWonView.xib; sourceTree = "<group>"; };
		BA1E97631914318700DDB637 /* HBFluddMenuViewController.h */ = {isa = PBXFileReference; fileEncoding = 4; lastKnownFileType = sourcecode.c.h; path = HBFluddMenuViewController.h; sourceTree = "<group>"; };
		BA1E97641914318700DDB637 /* HBFluddMenuViewController.m */ = {isa = PBXFileReference; fileEncoding = 4; lastKnownFileType = sourcecode.c.objc; path = HBFluddMenuViewController.m; sourceTree = "<group>"; };
		BA1E97731916342100DDB637 /* Chevron@2x.png */ = {isa = PBXFileReference; lastKnownFileType = image.png; path = "Chevron@2x.png"; sourceTree = "<group>"; };
		BA1E97761916B90100DDB637 /* WellDoneDialog@2x.png */ = {isa = PBXFileReference; lastKnownFileType = image.png; path = "WellDoneDialog@2x.png"; sourceTree = "<group>"; };
		BA1E97791916B9A900DDB637 /* PlayAgainButton@2x.png */ = {isa = PBXFileReference; lastKnownFileType = image.png; path = "PlayAgainButton@2x.png"; sourceTree = "<group>"; };
		BA1E977B1916BB6500DDB637 /* HBFluddGameWonView.h */ = {isa = PBXFileReference; fileEncoding = 4; lastKnownFileType = sourcecode.c.h; path = HBFluddGameWonView.h; sourceTree = "<group>"; };
		BA1E977C1916BB6500DDB637 /* HBFluddGameWonView.m */ = {isa = PBXFileReference; fileEncoding = 4; lastKnownFileType = sourcecode.c.objc; path = HBFluddGameWonView.m; sourceTree = "<group>"; };
		BA1FBC4518FEC5CA008EBF0E /* Fludd.app */ = {isa = PBXFileReference; explicitFileType = wrapper.application; includeInIndex = 0; path = Fludd.app; sourceTree = BUILT_PRODUCTS_DIR; };
		BA1FBC4818FEC5CA008EBF0E /* Foundation.framework */ = {isa = PBXFileReference; lastKnownFileType = wrapper.framework; name = Foundation.framework; path = System/Library/Frameworks/Foundation.framework; sourceTree = SDKROOT; };
		BA1FBC4A18FEC5CA008EBF0E /* CoreGraphics.framework */ = {isa = PBXFileReference; lastKnownFileType = wrapper.framework; name = CoreGraphics.framework; path = System/Library/Frameworks/CoreGraphics.framework; sourceTree = SDKROOT; };
		BA1FBC4C18FEC5CA008EBF0E /* UIKit.framework */ = {isa = PBXFileReference; lastKnownFileType = wrapper.framework; name = UIKit.framework; path = System/Library/Frameworks/UIKit.framework; sourceTree = SDKROOT; };
		BA1FBC5018FEC5CA008EBF0E /* Fludd-Info.plist */ = {isa = PBXFileReference; lastKnownFileType = text.plist.xml; path = "Fludd-Info.plist"; sourceTree = "<group>"; };
		BA1FBC5218FEC5CA008EBF0E /* en */ = {isa = PBXFileReference; lastKnownFileType = text.plist.strings; name = en; path = en.lproj/InfoPlist.strings; sourceTree = "<group>"; };
		BA1FBC5418FEC5CA008EBF0E /* main.m */ = {isa = PBXFileReference; lastKnownFileType = sourcecode.c.objc; path = main.m; sourceTree = "<group>"; };
		BA1FBC5618FEC5CA008EBF0E /* Fludd-Prefix.pch */ = {isa = PBXFileReference; lastKnownFileType = sourcecode.c.h; path = "Fludd-Prefix.pch"; sourceTree = "<group>"; };
		BA1FBC5718FEC5CA008EBF0E /* HBAppDelegate.h */ = {isa = PBXFileReference; lastKnownFileType = sourcecode.c.h; path = HBAppDelegate.h; sourceTree = "<group>"; };
		BA1FBC5818FEC5CA008EBF0E /* HBAppDelegate.m */ = {isa = PBXFileReference; lastKnownFileType = sourcecode.c.objc; path = HBAppDelegate.m; sourceTree = "<group>"; };
		BA1FBC5B18FEC5CA008EBF0E /* Base */ = {isa = PBXFileReference; lastKnownFileType = file.storyboard; name = Base; path = Base.lproj/Fludd.storyboard; sourceTree = "<group>"; };
		BA1FBC5D18FEC5CA008EBF0E /* HBFluddGameViewController.h */ = {isa = PBXFileReference; lastKnownFileType = sourcecode.c.h; path = HBFluddGameViewController.h; sourceTree = "<group>"; };
		BA1FBC5E18FEC5CA008EBF0E /* HBFluddGameViewController.m */ = {isa = PBXFileReference; lastKnownFileType = sourcecode.c.objc; path = HBFluddGameViewController.m; sourceTree = "<group>"; };
		BA1FBC6018FEC5CA008EBF0E /* Images.xcassets */ = {isa = PBXFileReference; lastKnownFileType = folder.assetcatalog; path = Images.xcassets; sourceTree = "<group>"; };
		BA1FBC6618FEC5CA008EBF0E /* FluddTests.xctest */ = {isa = PBXFileReference; explicitFileType = wrapper.cfbundle; includeInIndex = 0; path = FluddTests.xctest; sourceTree = BUILT_PRODUCTS_DIR; };
		BA1FBC6718FEC5CA008EBF0E /* XCTest.framework */ = {isa = PBXFileReference; lastKnownFileType = wrapper.framework; name = XCTest.framework; path = Library/Frameworks/XCTest.framework; sourceTree = DEVELOPER_DIR; };
		BA1FBC6F18FEC5CA008EBF0E /* FluddTests-Info.plist */ = {isa = PBXFileReference; lastKnownFileType = text.plist.xml; path = "FluddTests-Info.plist"; sourceTree = "<group>"; };
		BA1FBC7118FEC5CA008EBF0E /* en */ = {isa = PBXFileReference; lastKnownFileType = text.plist.strings; name = en; path = en.lproj/InfoPlist.strings; sourceTree = "<group>"; };
		BA1FBC7318FEC5CA008EBF0E /* FluddTests.m */ = {isa = PBXFileReference; lastKnownFileType = sourcecode.c.objc; path = FluddTests.m; sourceTree = "<group>"; };
		BA1FBC7D18FEC859008EBF0E /* HBFluddCellView.h */ = {isa = PBXFileReference; fileEncoding = 4; lastKnownFileType = sourcecode.c.h; path = HBFluddCellView.h; sourceTree = "<group>"; };
		BA1FBC7E18FEC859008EBF0E /* HBFluddCellView.m */ = {isa = PBXFileReference; fileEncoding = 4; lastKnownFileType = sourcecode.c.objc; path = HBFluddCellView.m; sourceTree = "<group>"; };
		BA1FBC8018FEC93B008EBF0E /* HBFluddGame.h */ = {isa = PBXFileReference; fileEncoding = 4; lastKnownFileType = sourcecode.c.h; path = HBFluddGame.h; sourceTree = "<group>"; };
		BA1FBC8118FEC93B008EBF0E /* HBFluddGame.m */ = {isa = PBXFileReference; fileEncoding = 4; lastKnownFileType = sourcecode.c.objc; path = HBFluddGame.m; sourceTree = "<group>"; };
		BA1FBC8318FEC9AE008EBF0E /* HBFluddColorSets.h */ = {isa = PBXFileReference; fileEncoding = 4; lastKnownFileType = sourcecode.c.h; path = HBFluddColorSets.h; sourceTree = "<group>"; };
		BA1FBC8418FEC9AE008EBF0E /* HBFluddColorSets.m */ = {isa = PBXFileReference; fileEncoding = 4; lastKnownFileType = sourcecode.c.objc; path = HBFluddColorSets.m; sourceTree = "<group>"; };
		BA1FBC8618FECF52008EBF0E /* HBFluddGameView.h */ = {isa = PBXFileReference; fileEncoding = 4; lastKnownFileType = sourcecode.c.h; path = HBFluddGameView.h; sourceTree = "<group>"; };
		BA1FBC8718FECF52008EBF0E /* HBFluddGameView.m */ = {isa = PBXFileReference; fileEncoding = 4; lastKnownFileType = sourcecode.c.objc; path = HBFluddGameView.m; sourceTree = "<group>"; };
		BA38046E1906D5B800B3EB5B /* HBFluddCell.h */ = {isa = PBXFileReference; fileEncoding = 4; lastKnownFileType = sourcecode.c.h; path = HBFluddCell.h; sourceTree = "<group>"; };
		BA38046F1906D5B800B3EB5B /* HBFluddCell.m */ = {isa = PBXFileReference; fileEncoding = 4; lastKnownFileType = sourcecode.c.objc; path = HBFluddCell.m; sourceTree = "<group>"; };
		BA4EDD8C190BDA0600F8581B /* HBFluddPlayAgainButtonView.h */ = {isa = PBXFileReference; fileEncoding = 4; lastKnownFileType = sourcecode.c.h; path = HBFluddPlayAgainButtonView.h; sourceTree = "<group>"; };
		BA4EDD8D190BDA0600F8581B /* HBFluddPlayAgainButtonView.m */ = {isa = PBXFileReference; fileEncoding = 4; lastKnownFileType = sourcecode.c.objc; path = HBFluddPlayAgainButtonView.m; sourceTree = "<group>"; };
		BA533A0D19004A5100B0482D /* HBFluddColorButtonView.h */ = {isa = PBXFileReference; fileEncoding = 4; lastKnownFileType = sourcecode.c.h; path = HBFluddColorButtonView.h; sourceTree = "<group>"; };
		BA533A0E19004A5100B0482D /* HBFluddColorButtonView.m */ = {isa = PBXFileReference; fileEncoding = 4; lastKnownFileType = sourcecode.c.objc; path = HBFluddColorButtonView.m; sourceTree = "<group>"; };
		BA7B6AD41916C8C500F81323 /* HBFluddGameLostView.xib */ = {isa = PBXFileReference; fileEncoding = 4; lastKnownFileType = file.xib; path = HBFluddGameLostView.xib; sourceTree = "<group>"; };
		BA7B6AD61916CA5600F81323 /* LostGameDialog@2x.png */ = {isa = PBXFileReference; lastKnownFileType = image.png; path = "LostGameDialog@2x.png"; sourceTree = "<group>"; };
		BA7B6AD81916CAB700F81323 /* HBFluddGameLostView.h */ = {isa = PBXFileReference; fileEncoding = 4; lastKnownFileType = sourcecode.c.h; path = HBFluddGameLostView.h; sourceTree = "<group>"; };
		BA7B6AD91916CAB700F81323 /* HBFluddGameLostView.m */ = {isa = PBXFileReference; fileEncoding = 4; lastKnownFileType = sourcecode.c.objc; path = HBFluddGameLostView.m; sourceTree = "<group>"; };
		BA8CEDE51933CBEE0024C51C /* HBFluddGameModes.h */ = {isa = PBXFileReference; fileEncoding = 4; lastKnownFileType = sourcecode.c.h; path = HBFluddGameModes.h; sourceTree = "<group>"; };
		BA8CEDE61933CBEE0024C51C /* HBFluddGameModes.m */ = {isa = PBXFileReference; fileEncoding = 4; lastKnownFileType = sourcecode.c.objc; path = HBFluddGameModes.m; sourceTree = "<group>"; };
		BA8CEDE8193427CF0024C51C /* HBFluddGameSizes.h */ = {isa = PBXFileReference; fileEncoding = 4; lastKnownFileType = sourcecode.c.h; path = HBFluddGameSizes.h; sourceTree = "<group>"; };
		BA8CEDE9193427CF0024C51C /* HBFluddGameSizes.m */ = {isa = PBXFileReference; fileEncoding = 4; lastKnownFileType = sourcecode.c.objc; path = HBFluddGameSizes.m; sourceTree = "<group>"; };
		BA8CEDEB193427FF0024C51C /* HBFluddGameSize.h */ = {isa = PBXFileReference; fileEncoding = 4; lastKnownFileType = sourcecode.c.h; path = HBFluddGameSize.h; sourceTree = "<group>"; };
		BA8CEDEC193427FF0024C51C /* HBFluddGameSize.m */ = {isa = PBXFileReference; fileEncoding = 4; lastKnownFileType = sourcecode.c.objc; path = HBFluddGameSize.m; sourceTree = "<group>"; };
		BA8CEDEE19342AED0024C51C /* HBFluddGameSizesViewController.h */ = {isa = PBXFileReference; fileEncoding = 4; lastKnownFileType = sourcecode.c.h; path = HBFluddGameSizesViewController.h; sourceTree = "<group>"; };
		BA8CEDEF19342AED0024C51C /* HBFluddGameSizesViewController.m */ = {isa = PBXFileReference; fileEncoding = 4; lastKnownFileType = sourcecode.c.objc; path = HBFluddGameSizesViewController.m; sourceTree = "<group>"; };
		BA8CEDF1193675BB0024C51C /* HBFluddGameModesViewController.h */ = {isa = PBXFileReference; fileEncoding = 4; lastKnownFileType = sourcecode.c.h; path = HBFluddGameModesViewController.h; sourceTree = "<group>"; };
		BA8CEDF2193675BB0024C51C /* HBFluddGameModesViewController.m */ = {isa = PBXFileReference; fileEncoding = 4; lastKnownFileType = sourcecode.c.objc; path = HBFluddGameModesViewController.m; sourceTree = "<group>"; };
		BA8CEDF4193678D50024C51C /* HBFluddGameMode.h */ = {isa = PBXFileReference; fileEncoding = 4; lastKnownFileType = sourcecode.c.h; path = HBFluddGameMode.h; sourceTree = "<group>"; };
		BA8CEDF5193678D50024C51C /* HBFluddGameMode.m */ = {isa = PBXFileReference; fileEncoding = 4; lastKnownFileType = sourcecode.c.objc; path = HBFluddGameMode.m; sourceTree = "<group>"; };
		BA9F7E3B19409DEE001CCD89 /* WallFill@2x.png */ = {isa = PBXFileReference; lastKnownFileType = image.png; path = "WallFill@2x.png"; sourceTree = "<group>"; };
		BA9FD1281983E8BD00981A01 /* HBFluddHowToPlayViewController.h */ = {isa = PBXFileReference; fileEncoding = 4; lastKnownFileType = sourcecode.c.h; path = HBFluddHowToPlayViewController.h; sourceTree = "<group>"; };
		BA9FD1291983E8BD00981A01 /* HBFluddHowToPlayViewController.m */ = {isa = PBXFileReference; fileEncoding = 4; lastKnownFileType = sourcecode.c.objc; path = HBFluddHowToPlayViewController.m; sourceTree = "<group>"; };
		BA9FD12B1983ED1500981A01 /* HBFluddHowToPlayContentViewController.h */ = {isa = PBXFileReference; fileEncoding = 4; lastKnownFileType = sourcecode.c.h; path = HBFluddHowToPlayContentViewController.h; sourceTree = "<group>"; };
		BA9FD12C1983ED1500981A01 /* HBFluddHowToPlayContentViewController.m */ = {isa = PBXFileReference; fileEncoding = 4; lastKnownFileType = sourcecode.c.objc; path = HBFluddHowToPlayContentViewController.m; sourceTree = "<group>"; };
		BA9FD12E19841B7B00981A01 /* BoardImage1@2x.png */ = {isa = PBXFileReference; lastKnownFileType = image.png; path = "BoardImage1@2x.png"; sourceTree = "<group>"; };
		BA9FD12F19841B7B00981A01 /* BoardImage2@2x.png */ = {isa = PBXFileReference; lastKnownFileType = image.png; path = "BoardImage2@2x.png"; sourceTree = "<group>"; };
		BA9FD13019841B7B00981A01 /* BoardImage3@2x.png */ = {isa = PBXFileReference; lastKnownFileType = image.png; path = "BoardImage3@2x.png"; sourceTree = "<group>"; };
		BA9FD13119841B7B00981A01 /* BoardImage4@2x.png */ = {isa = PBXFileReference; lastKnownFileType = image.png; path = "BoardImage4@2x.png"; sourceTree = "<group>"; };
		BA9FD13219841B7B00981A01 /* BoardImage5@2x.png */ = {isa = PBXFileReference; lastKnownFileType = image.png; path = "BoardImage5@2x.png"; sourceTree = "<group>"; };
		BAA912CF191A0D0000E850BE /* HBFluddColorSetsViewController.h */ = {isa = PBXFileReference; fileEncoding = 4; lastKnownFileType = sourcecode.c.h; path = HBFluddColorSetsViewController.h; sourceTree = "<group>"; };
		BAA912D0191A0D0000E850BE /* HBFluddColorSetsViewController.m */ = {isa = PBXFileReference; fileEncoding = 4; lastKnownFileType = sourcecode.c.objc; path = HBFluddColorSetsViewController.m; sourceTree = "<group>"; };
		BAA912D2191A53BE00E850BE /* HBFluddColorSet.h */ = {isa = PBXFileReference; fileEncoding = 4; lastKnownFileType = sourcecode.c.h; path = HBFluddColorSet.h; sourceTree = "<group>"; };
		BAA912D3191A53BE00E850BE /* HBFluddColorSet.m */ = {isa = PBXFileReference; fileEncoding = 4; lastKnownFileType = sourcecode.c.objc; path = HBFluddColorSet.m; sourceTree = "<group>"; };
		BAC4CC9D1905B5AB0088890E /* plus@2x.png */ = {isa = PBXFileReference; lastKnownFileType = image.png; path = "plus@2x.png"; sourceTree = "<group>"; };
		BAC4CC9F1905B5AB0088890E /* settings@2x.png */ = {isa = PBXFileReference; lastKnownFileType = image.png; path = "settings@2x.png"; sourceTree = "<group>"; };
		BADE6AB519068F5300FEA953 /* HBFloodColorsTest.m */ = {isa = PBXFileReference; fileEncoding = 4; lastKnownFileType = sourcecode.c.objc; path = HBFloodColorsTest.m; sourceTree = "<group>"; };
		BAEFF2B71918BEFB0087B0CE /* Icon-60@2x.png */ = {isa = PBXFileReference; lastKnownFileType = image.png; path = "Icon-60@2x.png"; sourceTree = "<group>"; };
		BAEFF2B81918BEFB0087B0CE /* Icon-Small-40@2x.png */ = {isa = PBXFileReference; lastKnownFileType = image.png; path = "Icon-Small-40@2x.png"; sourceTree = "<group>"; };
		BAEFF2B91918BEFB0087B0CE /* Icon-Small@2x.png */ = {isa = PBXFileReference; lastKnownFileType = image.png; path = "Icon-Small@2x.png"; sourceTree = "<group>"; };
		BAEFF2BE19196E4A0087B0CE /* HBFluddMenuButtonView.h */ = {isa = PBXFileReference; fileEncoding = 4; lastKnownFileType = sourcecode.c.h; path = HBFluddMenuButtonView.h; sourceTree = "<group>"; };
		BAEFF2BF19196E4A0087B0CE /* HBFluddMenuButtonView.m */ = {isa = PBXFileReference; fileEncoding = 4; lastKnownFileType = sourcecode.c.objc; path = HBFluddMenuButtonView.m; sourceTree = "<group>"; };
		BAEFF2C4191975640087B0CE /* HBFluddColorsPreviewView.h */ = {isa = PBXFileReference; fileEncoding = 4; lastKnownFileType = sourcecode.c.h; path = HBFluddColorsPreviewView.h; sourceTree = "<group>"; };
		BAEFF2C5191975640087B0CE /* HBFluddColorsPreviewView.m */ = {isa = PBXFileReference; fileEncoding = 4; lastKnownFileType = sourcecode.c.objc; path = HBFluddColorsPreviewView.m; sourceTree = "<group>"; };
/* End PBXFileReference section */

/* Begin PBXFrameworksBuildPhase section */
		BA1FBC4218FEC5CA008EBF0E /* Frameworks */ = {
			isa = PBXFrameworksBuildPhase;
			buildActionMask = 2147483647;
			files = (
				BA1FBC4B18FEC5CA008EBF0E /* CoreGraphics.framework in Frameworks */,
				BA1FBC4D18FEC5CA008EBF0E /* UIKit.framework in Frameworks */,
				BA1FBC4918FEC5CA008EBF0E /* Foundation.framework in Frameworks */,
			);
			runOnlyForDeploymentPostprocessing = 0;
		};
		BA1FBC6318FEC5CA008EBF0E /* Frameworks */ = {
			isa = PBXFrameworksBuildPhase;
			buildActionMask = 2147483647;
			files = (
				BA1FBC6818FEC5CA008EBF0E /* XCTest.framework in Frameworks */,
				BA1FBC6A18FEC5CA008EBF0E /* UIKit.framework in Frameworks */,
				BA1FBC6918FEC5CA008EBF0E /* Foundation.framework in Frameworks */,
			);
			runOnlyForDeploymentPostprocessing = 0;
		};
/* End PBXFrameworksBuildPhase section */

/* Begin PBXGroup section */
		BA0F3B3119092C8C00E4C8C2 /* Game */ = {
			isa = PBXGroup;
			children = (
				BA38046E1906D5B800B3EB5B /* HBFluddCell.h */,
				BA38046F1906D5B800B3EB5B /* HBFluddCell.m */,
				BA1FBC7D18FEC859008EBF0E /* HBFluddCellView.h */,
				BA1FBC7E18FEC859008EBF0E /* HBFluddCellView.m */,
				BA0F3B271907981A00E4C8C2 /* HBFluddColorButton.h */,
				BA0F3B281907981A00E4C8C2 /* HBFluddColorButton.m */,
				BA533A0D19004A5100B0482D /* HBFluddColorButtonView.h */,
				BA533A0E19004A5100B0482D /* HBFluddColorButtonView.m */,
				BAA912D2191A53BE00E850BE /* HBFluddColorSet.h */,
				BAA912D3191A53BE00E850BE /* HBFluddColorSet.m */,
				BA1FBC8318FEC9AE008EBF0E /* HBFluddColorSets.h */,
				BA1FBC8418FEC9AE008EBF0E /* HBFluddColorSets.m */,
				BA1FBC8018FEC93B008EBF0E /* HBFluddGame.h */,
				BA1FBC8118FEC93B008EBF0E /* HBFluddGame.m */,
				BA8CEDEB193427FF0024C51C /* HBFluddGameSize.h */,
				BA8CEDEC193427FF0024C51C /* HBFluddGameSize.m */,
				BA8CEDE8193427CF0024C51C /* HBFluddGameSizes.h */,
				BA8CEDE9193427CF0024C51C /* HBFluddGameSizes.m */,
				BA8CEDF4193678D50024C51C /* HBFluddGameMode.h */,
				BA8CEDF5193678D50024C51C /* HBFluddGameMode.m */,
				BA8CEDE51933CBEE0024C51C /* HBFluddGameModes.h */,
				BA8CEDE61933CBEE0024C51C /* HBFluddGameModes.m */,
				BA1FBC8618FECF52008EBF0E /* HBFluddGameView.h */,
				BA1FBC8718FECF52008EBF0E /* HBFluddGameView.m */,
				BA1E977B1916BB6500DDB637 /* HBFluddGameWonView.h */,
				BA1E977C1916BB6500DDB637 /* HBFluddGameWonView.m */,
				BA1E97591913C30300DDB637 /* HBFluddGameWonView.xib */,
				BA7B6AD81916CAB700F81323 /* HBFluddGameLostView.h */,
				BA7B6AD91916CAB700F81323 /* HBFluddGameLostView.m */,
				BA7B6AD41916C8C500F81323 /* HBFluddGameLostView.xib */,
				BA0F3B2E19092C6F00E4C8C2 /* HBFluddMovesRemainingView.h */,
				BA0F3B2F19092C6F00E4C8C2 /* HBFluddMovesRemainingView.m */,
				BA4EDD8C190BDA0600F8581B /* HBFluddPlayAgainButtonView.h */,
				BA4EDD8D190BDA0600F8581B /* HBFluddPlayAgainButtonView.m */,
			);
			name = Game;
			sourceTree = "<group>";
		};
		BA0F3B3219092CAD00E4C8C2 /* Images */ = {
			isa = PBXGroup;
			children = (
				BA9FD12E19841B7B00981A01 /* BoardImage1@2x.png */,
				BA9FD12F19841B7B00981A01 /* BoardImage2@2x.png */,
				BA9FD13019841B7B00981A01 /* BoardImage3@2x.png */,
				BA9FD13119841B7B00981A01 /* BoardImage4@2x.png */,
				BA9FD13219841B7B00981A01 /* BoardImage5@2x.png */,
				BA9F7E3B19409DEE001CCD89 /* WallFill@2x.png */,
				BA02B05D191BDFB300A0ED32 /* Check@2x.png */,
				BA1E97731916342100DDB637 /* Chevron@2x.png */,
				BAEFF2B71918BEFB0087B0CE /* Icon-60@2x.png */,
				BAEFF2B81918BEFB0087B0CE /* Icon-Small-40@2x.png */,
				BAEFF2B91918BEFB0087B0CE /* Icon-Small@2x.png */,
				BA7B6AD61916CA5600F81323 /* LostGameDialog@2x.png */,
				BA1E97791916B9A900DDB637 /* PlayAgainButton@2x.png */,
				BAC4CC9D1905B5AB0088890E /* plus@2x.png */,
				BAC4CC9F1905B5AB0088890E /* settings@2x.png */,
				BA1E97761916B90100DDB637 /* WellDoneDialog@2x.png */,
			);
			name = Images;
			sourceTree = "<group>";
		};
		BA1FBC3C18FEC5CA008EBF0E = {
			isa = PBXGroup;
			children = (
				BA1FBC4E18FEC5CA008EBF0E /* Fludd */,
				BA1FBC6D18FEC5CA008EBF0E /* FluddTests */,
				BA1FBC4718FEC5CA008EBF0E /* Frameworks */,
				BA1FBC4618FEC5CA008EBF0E /* Products */,
			);
			sourceTree = "<group>";
		};
		BA1FBC4618FEC5CA008EBF0E /* Products */ = {
			isa = PBXGroup;
			children = (
				BA1FBC4518FEC5CA008EBF0E /* Fludd.app */,
				BA1FBC6618FEC5CA008EBF0E /* FluddTests.xctest */,
			);
			name = Products;
			sourceTree = "<group>";
		};
		BA1FBC4718FEC5CA008EBF0E /* Frameworks */ = {
			isa = PBXGroup;
			children = (
				BA1FBC4818FEC5CA008EBF0E /* Foundation.framework */,
				BA1FBC4A18FEC5CA008EBF0E /* CoreGraphics.framework */,
				BA1FBC4C18FEC5CA008EBF0E /* UIKit.framework */,
				BA1FBC6718FEC5CA008EBF0E /* XCTest.framework */,
			);
			name = Frameworks;
			sourceTree = "<group>";
		};
		BA1FBC4E18FEC5CA008EBF0E /* Fludd */ = {
			isa = PBXGroup;
			children = (
				BA1FBC5A18FEC5CA008EBF0E /* Fludd.storyboard */,
				BA0F3B3119092C8C00E4C8C2 /* Game */,
				BA1FBC5718FEC5CA008EBF0E /* HBAppDelegate.h */,
				BA1FBC5818FEC5CA008EBF0E /* HBAppDelegate.m */,
				BAA912CF191A0D0000E850BE /* HBFluddColorSetsViewController.h */,
				BAA912D0191A0D0000E850BE /* HBFluddColorSetsViewController.m */,
				BA8CEDF1193675BB0024C51C /* HBFluddGameModesViewController.h */,
				BA8CEDF2193675BB0024C51C /* HBFluddGameModesViewController.m */,
				BA8CEDEE19342AED0024C51C /* HBFluddGameSizesViewController.h */,
				BA8CEDEF19342AED0024C51C /* HBFluddGameSizesViewController.m */,
				BA1FBC5D18FEC5CA008EBF0E /* HBFluddGameViewController.h */,
				BA1FBC5E18FEC5CA008EBF0E /* HBFluddGameViewController.m */,
				BA9FD12B1983ED1500981A01 /* HBFluddHowToPlayContentViewController.h */,
				BA9FD12C1983ED1500981A01 /* HBFluddHowToPlayContentViewController.m */,
				BA9FD1281983E8BD00981A01 /* HBFluddHowToPlayViewController.h */,
				BA9FD1291983E8BD00981A01 /* HBFluddHowToPlayViewController.m */,
				BA1E97631914318700DDB637 /* HBFluddMenuViewController.h */,
				BA1E97641914318700DDB637 /* HBFluddMenuViewController.m */,
				BA0F3B3219092CAD00E4C8C2 /* Images */,
				BA1FBC6018FEC5CA008EBF0E /* Images.xcassets */,
				BAEFF2BD19196DEF0087B0CE /* Menu */,
				BA1FBC4F18FEC5CA008EBF0E /* Supporting Files */,
			);
			path = Fludd;
			sourceTree = "<group>";
		};
		BA1FBC4F18FEC5CA008EBF0E /* Supporting Files */ = {
			isa = PBXGroup;
			children = (
				BA1FBC5018FEC5CA008EBF0E /* Fludd-Info.plist */,
				BA1FBC5118FEC5CA008EBF0E /* InfoPlist.strings */,
				BA1FBC5418FEC5CA008EBF0E /* main.m */,
				BA1FBC5618FEC5CA008EBF0E /* Fludd-Prefix.pch */,
			);
			name = "Supporting Files";
			sourceTree = "<group>";
		};
		BA1FBC6D18FEC5CA008EBF0E /* FluddTests */ = {
			isa = PBXGroup;
			children = (
				BA1FBC7318FEC5CA008EBF0E /* FluddTests.m */,
				BA1FBC6E18FEC5CA008EBF0E /* Supporting Files */,
				BADE6AB519068F5300FEA953 /* HBFloodColorsTest.m */,
			);
			path = FluddTests;
			sourceTree = "<group>";
		};
		BA1FBC6E18FEC5CA008EBF0E /* Supporting Files */ = {
			isa = PBXGroup;
			children = (
				BA1FBC6F18FEC5CA008EBF0E /* FluddTests-Info.plist */,
				BA1FBC7018FEC5CA008EBF0E /* InfoPlist.strings */,
			);
			name = "Supporting Files";
			sourceTree = "<group>";
		};
		BAEFF2BD19196DEF0087B0CE /* Menu */ = {
			isa = PBXGroup;
			children = (
				BAEFF2C4191975640087B0CE /* HBFluddColorsPreviewView.h */,
				BAEFF2C5191975640087B0CE /* HBFluddColorsPreviewView.m */,
				BAEFF2BE19196E4A0087B0CE /* HBFluddMenuButtonView.h */,
				BAEFF2BF19196E4A0087B0CE /* HBFluddMenuButtonView.m */,
			);
			name = Menu;
			sourceTree = "<group>";
		};
/* End PBXGroup section */

/* Begin PBXNativeTarget section */
		BA1FBC4418FEC5CA008EBF0E /* Fludd */ = {
			isa = PBXNativeTarget;
			buildConfigurationList = BA1FBC7718FEC5CB008EBF0E /* Build configuration list for PBXNativeTarget "Fludd" */;
			buildPhases = (
				BA1FBC4118FEC5CA008EBF0E /* Sources */,
				BA1FBC4218FEC5CA008EBF0E /* Frameworks */,
				BA1FBC4318FEC5CA008EBF0E /* Resources */,
			);
			buildRules = (
			);
			dependencies = (
			);
			name = Fludd;
			productName = Fludd;
			productReference = BA1FBC4518FEC5CA008EBF0E /* Fludd.app */;
			productType = "com.apple.product-type.application";
		};
		BA1FBC6518FEC5CA008EBF0E /* FluddTests */ = {
			isa = PBXNativeTarget;
			buildConfigurationList = BA1FBC7A18FEC5CB008EBF0E /* Build configuration list for PBXNativeTarget "FluddTests" */;
			buildPhases = (
				BA1FBC6218FEC5CA008EBF0E /* Sources */,
				BA1FBC6318FEC5CA008EBF0E /* Frameworks */,
				BA1FBC6418FEC5CA008EBF0E /* Resources */,
			);
			buildRules = (
			);
			dependencies = (
				BA1FBC6C18FEC5CA008EBF0E /* PBXTargetDependency */,
			);
			name = FluddTests;
			productName = FluddTests;
			productReference = BA1FBC6618FEC5CA008EBF0E /* FluddTests.xctest */;
			productType = "com.apple.product-type.bundle.unit-test";
		};
/* End PBXNativeTarget section */

/* Begin PBXProject section */
		BA1FBC3D18FEC5CA008EBF0E /* Project object */ = {
			isa = PBXProject;
			attributes = {
				CLASSPREFIX = HB;
				LastUpgradeCheck = 0510;
				ORGANIZATIONNAME = "Henry Bourne";
				TargetAttributes = {
					BA1FBC4418FEC5CA008EBF0E = {
						DevelopmentTeam = ETRUUG797K;
					};
					BA1FBC6518FEC5CA008EBF0E = {
						TestTargetID = BA1FBC4418FEC5CA008EBF0E;
					};
				};
			};
			buildConfigurationList = BA1FBC4018FEC5CA008EBF0E /* Build configuration list for PBXProject "Fludd" */;
			compatibilityVersion = "Xcode 3.2";
			developmentRegion = English;
			hasScannedForEncodings = 0;
			knownRegions = (
				en,
				Base,
			);
			mainGroup = BA1FBC3C18FEC5CA008EBF0E;
			productRefGroup = BA1FBC4618FEC5CA008EBF0E /* Products */;
			projectDirPath = "";
			projectRoot = "";
			targets = (
				BA1FBC4418FEC5CA008EBF0E /* Fludd */,
				BA1FBC6518FEC5CA008EBF0E /* FluddTests */,
			);
		};
/* End PBXProject section */

/* Begin PBXResourcesBuildPhase section */
		BA1FBC4318FEC5CA008EBF0E /* Resources */ = {
			isa = PBXResourcesBuildPhase;
			buildActionMask = 2147483647;
			files = (
				BA9FD13419841B7B00981A01 /* BoardImage2@2x.png in Resources */,
				BA1FBC6118FEC5CA008EBF0E /* Images.xcassets in Resources */,
				BAC4CCA31905B5AB0088890E /* settings@2x.png in Resources */,
				BAC4CCA11905B5AB0088890E /* plus@2x.png in Resources */,
				BA9F7E3C19409DEE001CCD89 /* WallFill@2x.png in Resources */,
				BA1FBC5318FEC5CA008EBF0E /* InfoPlist.strings in Resources */,
				BA7B6AD51916C8C500F81323 /* HBFluddGameLostView.xib in Resources */,
				BA02B05E191BDFB300A0ED32 /* Check@2x.png in Resources */,
				BA7B6AD71916CA5600F81323 /* LostGameDialog@2x.png in Resources */,
				BA1E975A1913C30300DDB637 /* HBFluddGameWonView.xib in Resources */,
				BA9FD13619841B7B00981A01 /* BoardImage4@2x.png in Resources */,
				BA9FD13719841B7B00981A01 /* BoardImage5@2x.png in Resources */,
				BA1E97781916B90100DDB637 /* WellDoneDialog@2x.png in Resources */,
				BA1E977A1916B9A900DDB637 /* PlayAgainButton@2x.png in Resources */,
				BA1FBC5C18FEC5CA008EBF0E /* Fludd.storyboard in Resources */,
				BA9FD13519841B7B00981A01 /* BoardImage3@2x.png in Resources */,
				BAEFF2BB1918BEFB0087B0CE /* Icon-Small-40@2x.png in Resources */,
				BA9FD13319841B7B00981A01 /* BoardImage1@2x.png in Resources */,
				BA1E97741916342100DDB637 /* Chevron@2x.png in Resources */,
				BAEFF2BA1918BEFB0087B0CE /* Icon-60@2x.png in Resources */,
				BAEFF2BC1918BEFB0087B0CE /* Icon-Small@2x.png in Resources */,
			);
			runOnlyForDeploymentPostprocessing = 0;
		};
		BA1FBC6418FEC5CA008EBF0E /* Resources */ = {
			isa = PBXResourcesBuildPhase;
			buildActionMask = 2147483647;
			files = (
				BA1FBC7218FEC5CA008EBF0E /* InfoPlist.strings in Resources */,
			);
			runOnlyForDeploymentPostprocessing = 0;
		};
/* End PBXResourcesBuildPhase section */

/* Begin PBXSourcesBuildPhase section */
		BA1FBC4118FEC5CA008EBF0E /* Sources */ = {
			isa = PBXSourcesBuildPhase;
			buildActionMask = 2147483647;
			files = (
				BAEFF2C6191975640087B0CE /* HBFluddColorsPreviewView.m in Sources */,
				BA7B6ADA1916CAB700F81323 /* HBFluddGameLostView.m in Sources */,
				BA8CEDED193427FF0024C51C /* HBFluddGameSize.m in Sources */,
				BA1FBC8218FEC93B008EBF0E /* HBFluddGame.m in Sources */,
				BAA912D4191A53BE00E850BE /* HBFluddColorSet.m in Sources */,
				BA1FBC7F18FEC859008EBF0E /* HBFluddCellView.m in Sources */,
				BA1FBC8818FECF52008EBF0E /* HBFluddGameView.m in Sources */,
				BA1FBC5F18FEC5CA008EBF0E /* HBFluddGameViewController.m in Sources */,
				BA8CEDF6193678D50024C51C /* HBFluddGameMode.m in Sources */,
				BA0F3B291907981A00E4C8C2 /* HBFluddColorButton.m in Sources */,
				BA9FD12A1983E8BD00981A01 /* HBFluddHowToPlayViewController.m in Sources */,
				BA9FD12D1983ED1500981A01 /* HBFluddHowToPlayContentViewController.m in Sources */,
				BA8CEDF3193675BB0024C51C /* HBFluddGameModesViewController.m in Sources */,
				BA0F3B3019092C6F00E4C8C2 /* HBFluddMovesRemainingView.m in Sources */,
				BA8CEDF019342AED0024C51C /* HBFluddGameSizesViewController.m in Sources */,
				BA8CEDEA193427CF0024C51C /* HBFluddGameSizes.m in Sources */,
				BA1E977D1916BB6500DDB637 /* HBFluddGameWonView.m in Sources */,
				BAEFF2C019196E4A0087B0CE /* HBFluddMenuButtonView.m in Sources */,
				BA1FBC5918FEC5CA008EBF0E /* HBAppDelegate.m in Sources */,
				BA1FBC5518FEC5CA008EBF0E /* main.m in Sources */,
				BA3804701906D5B800B3EB5B /* HBFluddCell.m in Sources */,
				BA533A0F19004A5100B0482D /* HBFluddColorButtonView.m in Sources */,
				BA1FBC8518FEC9AE008EBF0E /* HBFluddColorSets.m in Sources */,
				BA8CEDE71933CBEE0024C51C /* HBFluddGameModes.m in Sources */,
				BA4EDD8E190BDA0600F8581B /* HBFluddPlayAgainButtonView.m in Sources */,
				BA1E97651914318700DDB637 /* HBFluddMenuViewController.m in Sources */,
				BAA912D1191A0D0000E850BE /* HBFluddColorSetsViewController.m in Sources */,
			);
			runOnlyForDeploymentPostprocessing = 0;
		};
		BA1FBC6218FEC5CA008EBF0E /* Sources */ = {
			isa = PBXSourcesBuildPhase;
			buildActionMask = 2147483647;
			files = (
				BADE6AB619068F5300FEA953 /* HBFloodColorsTest.m in Sources */,
				BA1FBC7418FEC5CA008EBF0E /* FluddTests.m in Sources */,
			);
			runOnlyForDeploymentPostprocessing = 0;
		};
/* End PBXSourcesBuildPhase section */

/* Begin PBXTargetDependency section */
		BA1FBC6C18FEC5CA008EBF0E /* PBXTargetDependency */ = {
			isa = PBXTargetDependency;
			target = BA1FBC4418FEC5CA008EBF0E /* Fludd */;
			targetProxy = BA1FBC6B18FEC5CA008EBF0E /* PBXContainerItemProxy */;
		};
/* End PBXTargetDependency section */

/* Begin PBXVariantGroup section */
		BA1FBC5118FEC5CA008EBF0E /* InfoPlist.strings */ = {
			isa = PBXVariantGroup;
			children = (
				BA1FBC5218FEC5CA008EBF0E /* en */,
			);
			name = InfoPlist.strings;
			sourceTree = "<group>";
		};
		BA1FBC5A18FEC5CA008EBF0E /* Fludd.storyboard */ = {
			isa = PBXVariantGroup;
			children = (
				BA1FBC5B18FEC5CA008EBF0E /* Base */,
			);
			name = Fludd.storyboard;
			sourceTree = "<group>";
		};
		BA1FBC7018FEC5CA008EBF0E /* InfoPlist.strings */ = {
			isa = PBXVariantGroup;
			children = (
				BA1FBC7118FEC5CA008EBF0E /* en */,
			);
			name = InfoPlist.strings;
			sourceTree = "<group>";
		};
/* End PBXVariantGroup section */

/* Begin XCBuildConfiguration section */
		BA1FBC7518FEC5CB008EBF0E /* Debug */ = {
			isa = XCBuildConfiguration;
			buildSettings = {
				ALWAYS_SEARCH_USER_PATHS = NO;
				CLANG_CXX_LANGUAGE_STANDARD = "gnu++0x";
				CLANG_CXX_LIBRARY = "libc++";
				CLANG_ENABLE_MODULES = YES;
				CLANG_ENABLE_OBJC_ARC = YES;
				CLANG_WARN_BOOL_CONVERSION = YES;
				CLANG_WARN_CONSTANT_CONVERSION = YES;
				CLANG_WARN_DIRECT_OBJC_ISA_USAGE = YES_ERROR;
				CLANG_WARN_EMPTY_BODY = YES;
				CLANG_WARN_ENUM_CONVERSION = YES;
				CLANG_WARN_INT_CONVERSION = YES;
				CLANG_WARN_OBJC_ROOT_CLASS = YES_ERROR;
				CLANG_WARN__DUPLICATE_METHOD_MATCH = YES;
				"CODE_SIGN_IDENTITY[sdk=iphoneos*]" = "iPhone Developer";
				COPY_PHASE_STRIP = NO;
				GCC_C_LANGUAGE_STANDARD = gnu99;
				GCC_DYNAMIC_NO_PIC = NO;
				GCC_OPTIMIZATION_LEVEL = 0;
				GCC_PREPROCESSOR_DEFINITIONS = (
					"DEBUG=1",
					"$(inherited)",
				);
				GCC_SYMBOLS_PRIVATE_EXTERN = NO;
				GCC_WARN_64_TO_32_BIT_CONVERSION = YES;
				GCC_WARN_ABOUT_RETURN_TYPE = YES_ERROR;
				GCC_WARN_UNDECLARED_SELECTOR = YES;
				GCC_WARN_UNINITIALIZED_AUTOS = YES_AGGRESSIVE;
				GCC_WARN_UNUSED_FUNCTION = YES;
				GCC_WARN_UNUSED_VARIABLE = YES;
				IPHONEOS_DEPLOYMENT_TARGET = 7.1;
				ONLY_ACTIVE_ARCH = YES;
				SDKROOT = iphoneos;
			};
			name = Debug;
		};
		BA1FBC7618FEC5CB008EBF0E /* Release */ = {
			isa = XCBuildConfiguration;
			buildSettings = {
				ALWAYS_SEARCH_USER_PATHS = NO;
				CLANG_CXX_LANGUAGE_STANDARD = "gnu++0x";
				CLANG_CXX_LIBRARY = "libc++";
				CLANG_ENABLE_MODULES = YES;
				CLANG_ENABLE_OBJC_ARC = YES;
				CLANG_WARN_BOOL_CONVERSION = YES;
				CLANG_WARN_CONSTANT_CONVERSION = YES;
				CLANG_WARN_DIRECT_OBJC_ISA_USAGE = YES_ERROR;
				CLANG_WARN_EMPTY_BODY = YES;
				CLANG_WARN_ENUM_CONVERSION = YES;
				CLANG_WARN_INT_CONVERSION = YES;
				CLANG_WARN_OBJC_ROOT_CLASS = YES_ERROR;
				CLANG_WARN__DUPLICATE_METHOD_MATCH = YES;
				"CODE_SIGN_IDENTITY[sdk=iphoneos*]" = "iPhone Developer";
				COPY_PHASE_STRIP = YES;
				ENABLE_NS_ASSERTIONS = NO;
				GCC_C_LANGUAGE_STANDARD = gnu99;
				GCC_WARN_64_TO_32_BIT_CONVERSION = YES;
				GCC_WARN_ABOUT_RETURN_TYPE = YES_ERROR;
				GCC_WARN_UNDECLARED_SELECTOR = YES;
				GCC_WARN_UNINITIALIZED_AUTOS = YES_AGGRESSIVE;
				GCC_WARN_UNUSED_FUNCTION = YES;
				GCC_WARN_UNUSED_VARIABLE = YES;
				IPHONEOS_DEPLOYMENT_TARGET = 7.1;
				SDKROOT = iphoneos;
				VALIDATE_PRODUCT = YES;
			};
			name = Release;
		};
		BA1FBC7818FEC5CB008EBF0E /* Debug */ = {
			isa = XCBuildConfiguration;
			buildSettings = {
				ASSETCATALOG_COMPILER_APPICON_NAME = AppIcon;
				ASSETCATALOG_COMPILER_LAUNCHIMAGE_NAME = LaunchImage;
				CODE_SIGN_IDENTITY = "iPhone Developer";
				"CODE_SIGN_IDENTITY[sdk=iphoneos*]" = "iPhone Developer";
				GCC_PRECOMPILE_PREFIX_HEADER = YES;
				GCC_PREFIX_HEADER = "Fludd/Fludd-Prefix.pch";
				INFOPLIST_FILE = "Fludd/Fludd-Info.plist";
				IPHONEOS_DEPLOYMENT_TARGET = 8.1;
				PRODUCT_NAME = "$(TARGET_NAME)";
				PROVISIONING_PROFILE = "6D68001E-AF19-460A-9D2B-5B8505E6877A";
				WRAPPER_EXTENSION = app;
			};
			name = Debug;
		};
		BA1FBC7918FEC5CB008EBF0E /* Release */ = {
			isa = XCBuildConfiguration;
			buildSettings = {
				ASSETCATALOG_COMPILER_APPICON_NAME = AppIcon;
				ASSETCATALOG_COMPILER_LAUNCHIMAGE_NAME = LaunchImage;
				CODE_SIGN_IDENTITY = "iPhone Developer";
				"CODE_SIGN_IDENTITY[sdk=iphoneos*]" = "iPhone Developer";
				GCC_PRECOMPILE_PREFIX_HEADER = YES;
				GCC_PREFIX_HEADER = "Fludd/Fludd-Prefix.pch";
				INFOPLIST_FILE = "Fludd/Fludd-Info.plist";
				IPHONEOS_DEPLOYMENT_TARGET = 8.1;
				PRODUCT_NAME = "$(TARGET_NAME)";
				PROVISIONING_PROFILE = "6D68001E-AF19-460A-9D2B-5B8505E6877A";
				WRAPPER_EXTENSION = app;
			};
			name = Release;
		};
		BA1FBC7B18FEC5CB008EBF0E /* Debug */ = {
			isa = XCBuildConfiguration;
			buildSettings = {
				BUNDLE_LOADER = "$(BUILT_PRODUCTS_DIR)/Fludd.app/Fludd";
				FRAMEWORK_SEARCH_PATHS = (
					"$(SDKROOT)/Developer/Library/Frameworks",
					"$(inherited)",
					"$(DEVELOPER_FRAMEWORKS_DIR)",
				);
				GCC_PRECOMPILE_PREFIX_HEADER = YES;
				GCC_PREFIX_HEADER = "Fludd/Fludd-Prefix.pch";
				GCC_PREPROCESSOR_DEFINITIONS = (
					"DEBUG=1",
					"$(inherited)",
				);
				INFOPLIST_FILE = "FluddTests/FluddTests-Info.plist";
				PRODUCT_NAME = "$(TARGET_NAME)";
				TEST_HOST = "$(BUNDLE_LOADER)";
				WRAPPER_EXTENSION = xctest;
			};
			name = Debug;
		};
		BA1FBC7C18FEC5CB008EBF0E /* Release */ = {
			isa = XCBuildConfiguration;
			buildSettings = {
				BUNDLE_LOADER = "$(BUILT_PRODUCTS_DIR)/Fludd.app/Fludd";
				FRAMEWORK_SEARCH_PATHS = (
					"$(SDKROOT)/Developer/Library/Frameworks",
					"$(inherited)",
					"$(DEVELOPER_FRAMEWORKS_DIR)",
				);
				GCC_PRECOMPILE_PREFIX_HEADER = YES;
				GCC_PREFIX_HEADER = "Fludd/Fludd-Prefix.pch";
				INFOPLIST_FILE = "FluddTests/FluddTests-Info.plist";
				PRODUCT_NAME = "$(TARGET_NAME)";
				TEST_HOST = "$(BUNDLE_LOADER)";
				WRAPPER_EXTENSION = xctest;
			};
			name = Release;
		};
/* End XCBuildConfiguration section */

/* Begin XCConfigurationList section */
		BA1FBC4018FEC5CA008EBF0E /* Build configuration list for PBXProject "Fludd" */ = {
			isa = XCConfigurationList;
			buildConfigurations = (
				BA1FBC7518FEC5CB008EBF0E /* Debug */,
				BA1FBC7618FEC5CB008EBF0E /* Release */,
			);
			defaultConfigurationIsVisible = 0;
			defaultConfigurationName = Release;
		};
		BA1FBC7718FEC5CB008EBF0E /* Build configuration list for PBXNativeTarget "Fludd" */ = {
			isa = XCConfigurationList;
			buildConfigurations = (
				BA1FBC7818FEC5CB008EBF0E /* Debug */,
				BA1FBC7918FEC5CB008EBF0E /* Release */,
			);
			defaultConfigurationIsVisible = 0;
			defaultConfigurationName = Release;
		};
		BA1FBC7A18FEC5CB008EBF0E /* Build configuration list for PBXNativeTarget "FluddTests" */ = {
			isa = XCConfigurationList;
			buildConfigurations = (
				BA1FBC7B18FEC5CB008EBF0E /* Debug */,
				BA1FBC7C18FEC5CB008EBF0E /* Release */,
			);
			defaultConfigurationIsVisible = 0;
			defaultConfigurationName = Release;
		};
/* End XCConfigurationList section */
	};
	rootObject = BA1FBC3D18FEC5CA008EBF0E /* Project object */;
}
